// !$*UTF8*$!
{
	archiveVersion = 1;
	classes = {
	};
	objectVersion = 48;
	objects = {

/* Begin PBXBuildFile section */
		46069EA5200F8BAF00DE1003 /* AppDelegate.swift in Sources */ = {isa = PBXBuildFile; fileRef = 46069EA4200F8BAF00DE1003 /* AppDelegate.swift */; };
		46069EA7200F8BAF00DE1003 /* ViewController.swift in Sources */ = {isa = PBXBuildFile; fileRef = 46069EA6200F8BAF00DE1003 /* ViewController.swift */; };
		46069EAA200F8BAF00DE1003 /* Main.storyboard in Resources */ = {isa = PBXBuildFile; fileRef = 46069EA8200F8BAF00DE1003 /* Main.storyboard */; };
		46069EAC200F8BAF00DE1003 /* Assets.xcassets in Resources */ = {isa = PBXBuildFile; fileRef = 46069EAB200F8BAF00DE1003 /* Assets.xcassets */; };
		46069EAF200F8BAF00DE1003 /* LaunchScreen.storyboard in Resources */ = {isa = PBXBuildFile; fileRef = 46069EAD200F8BAF00DE1003 /* LaunchScreen.storyboard */; };
		46069EBA200F8F3400DE1003 /* Card.swift in Sources */ = {isa = PBXBuildFile; fileRef = 46069EB9200F8F3400DE1003 /* Card.swift */; };
		46069EBC200F919000DE1003 /* Player.swift in Sources */ = {isa = PBXBuildFile; fileRef = 46069EBB200F919000DE1003 /* Player.swift */; };
		464A35CC2011DA3800F35482 /* GameSet.swift in Sources */ = {isa = PBXBuildFile; fileRef = 464A35CB2011DA3800F35482 /* GameSet.swift */; };
		46592EBA202067D5006C1B7D /* CardView.swift in Sources */ = {isa = PBXBuildFile; fileRef = 46592EB9202067D5006C1B7D /* CardView.swift */; };
/* End PBXBuildFile section */

/* Begin PBXFileReference section */
		46069EA1200F8BAF00DE1003 /* Set.app */ = {isa = PBXFileReference; explicitFileType = wrapper.application; includeInIndex = 0; path = Set.app; sourceTree = BUILT_PRODUCTS_DIR; };
		46069EA4200F8BAF00DE1003 /* AppDelegate.swift */ = {isa = PBXFileReference; lastKnownFileType = sourcecode.swift; path = AppDelegate.swift; sourceTree = "<group>"; };
		46069EA6200F8BAF00DE1003 /* ViewController.swift */ = {isa = PBXFileReference; lastKnownFileType = sourcecode.swift; path = ViewController.swift; sourceTree = "<group>"; };
		46069EA9200F8BAF00DE1003 /* Base */ = {isa = PBXFileReference; lastKnownFileType = file.storyboard; name = Base; path = Base.lproj/Main.storyboard; sourceTree = "<group>"; };
		46069EAB200F8BAF00DE1003 /* Assets.xcassets */ = {isa = PBXFileReference; lastKnownFileType = folder.assetcatalog; path = Assets.xcassets; sourceTree = "<group>"; };
		46069EAE200F8BAF00DE1003 /* Base */ = {isa = PBXFileReference; lastKnownFileType = file.storyboard; name = Base; path = Base.lproj/LaunchScreen.storyboard; sourceTree = "<group>"; };
		46069EB0200F8BAF00DE1003 /* Info.plist */ = {isa = PBXFileReference; lastKnownFileType = text.plist.xml; path = Info.plist; sourceTree = "<group>"; };
		46069EB9200F8F3400DE1003 /* Card.swift */ = {isa = PBXFileReference; lastKnownFileType = sourcecode.swift; path = Card.swift; sourceTree = "<group>"; };
		46069EBB200F919000DE1003 /* Player.swift */ = {isa = PBXFileReference; lastKnownFileType = sourcecode.swift; path = Player.swift; sourceTree = "<group>"; };
		464A35CB2011DA3800F35482 /* GameSet.swift */ = {isa = PBXFileReference; lastKnownFileType = sourcecode.swift; path = GameSet.swift; sourceTree = "<group>"; };
		46592EB9202067D5006C1B7D /* CardView.swift */ = {isa = PBXFileReference; lastKnownFileType = sourcecode.swift; path = CardView.swift; sourceTree = "<group>"; };
/* End PBXFileReference section */

/* Begin PBXFrameworksBuildPhase section */
		46069E9E200F8BAF00DE1003 /* Frameworks */ = {
			isa = PBXFrameworksBuildPhase;
			buildActionMask = 2147483647;
			files = (
			);
			runOnlyForDeploymentPostprocessing = 0;
		};
/* End PBXFrameworksBuildPhase section */

/* Begin PBXGroup section */
		46069E98200F8BAF00DE1003 = {
			isa = PBXGroup;
			children = (
				46069EA3200F8BAF00DE1003 /* Set */,
				46069EA2200F8BAF00DE1003 /* Products */,
			);
			sourceTree = "<group>";
		};
		46069EA2200F8BAF00DE1003 /* Products */ = {
			isa = PBXGroup;
			children = (
				46069EA1200F8BAF00DE1003 /* Set.app */,
			);
			name = Products;
			sourceTree = "<group>";
		};
		46069EA3200F8BAF00DE1003 /* Set */ = {
			isa = PBXGroup;
			children = (
				46069EB6200F8BBC00DE1003 /* Supporting Files */,
				46069EA6200F8BAF00DE1003 /* ViewController.swift */,
				46592EB9202067D5006C1B7D /* CardView.swift */,
				46069EA8200F8BAF00DE1003 /* Main.storyboard */,
				464A35CB2011DA3800F35482 /* GameSet.swift */,
				46069EB9200F8F3400DE1003 /* Card.swift */,
				46069EBB200F919000DE1003 /* Player.swift */,
				46069EB0200F8BAF00DE1003 /* Info.plist */,
			);
			path = Set;
			sourceTree = "<group>";
		};
		46069EB6200F8BBC00DE1003 /* Supporting Files */ = {
			isa = PBXGroup;
			children = (
				46069EA4200F8BAF00DE1003 /* AppDelegate.swift */,
				46069EAB200F8BAF00DE1003 /* Assets.xcassets */,
				46069EAD200F8BAF00DE1003 /* LaunchScreen.storyboard */,
			);
			path = "Supporting Files";
			sourceTree = "<group>";
		};
/* End PBXGroup section */

/* Begin PBXNativeTarget section */
		46069EA0200F8BAF00DE1003 /* Set */ = {
			isa = PBXNativeTarget;
			buildConfigurationList = 46069EB3200F8BAF00DE1003 /* Build configuration list for PBXNativeTarget "Set" */;
			buildPhases = (
				46069E9D200F8BAF00DE1003 /* Sources */,
				46069E9E200F8BAF00DE1003 /* Frameworks */,
				46069E9F200F8BAF00DE1003 /* Resources */,
			);
			buildRules = (
			);
			dependencies = (
			);
			name = Set;
			productName = Set;
			productReference = 46069EA1200F8BAF00DE1003 /* Set.app */;
			productType = "com.apple.product-type.application";
		};
/* End PBXNativeTarget section */

/* Begin PBXProject section */
		46069E99200F8BAF00DE1003 /* Project object */ = {
			isa = PBXProject;
			attributes = {
				LastSwiftUpdateCheck = 0910;
				LastUpgradeCheck = 0910;
				ORGANIZATIONNAME = Zeqiang;
				TargetAttributes = {
					46069EA0200F8BAF00DE1003 = {
						CreatedOnToolsVersion = 9.1;
						ProvisioningStyle = Automatic;
					};
				};
			};
			buildConfigurationList = 46069E9C200F8BAF00DE1003 /* Build configuration list for PBXProject "Set" */;
			compatibilityVersion = "Xcode 8.0";
			developmentRegion = en;
			hasScannedForEncodings = 0;
			knownRegions = (
				en,
				Base,
			);
			mainGroup = 46069E98200F8BAF00DE1003;
			productRefGroup = 46069EA2200F8BAF00DE1003 /* Products */;
			projectDirPath = "";
			projectRoot = "";
			targets = (
				46069EA0200F8BAF00DE1003 /* Set */,
			);
		};
/* End PBXProject section */

/* Begin PBXResourcesBuildPhase section */
		46069E9F200F8BAF00DE1003 /* Resources */ = {
			isa = PBXResourcesBuildPhase;
			buildActionMask = 2147483647;
			files = (
				46069EAF200F8BAF00DE1003 /* LaunchScreen.storyboard in Resources */,
				46069EAC200F8BAF00DE1003 /* Assets.xcassets in Resources */,
				46069EAA200F8BAF00DE1003 /* Main.storyboard in Resources */,
			);
			runOnlyForDeploymentPostprocessing = 0;
		};
/* End PBXResourcesBuildPhase section */

/* Begin PBXSourcesBuildPhase section */
		46069E9D200F8BAF00DE1003 /* Sources */ = {
			isa = PBXSourcesBuildPhase;
			buildActionMask = 2147483647;
			files = (
				46069EA7200F8BAF00DE1003 /* ViewController.swift in Sources */,
				46069EA5200F8BAF00DE1003 /* AppDelegate.swift in Sources */,
				464A35CC2011DA3800F35482 /* GameSet.swift in Sources */,
				46069EBC200F919000DE1003 /* Player.swift in Sources */,
				46592EBA202067D5006C1B7D /* CardView.swift in Sources */,
				46069EBA200F8F3400DE1003 /* Card.swift in Sources */,
			);
			runOnlyForDeploymentPostprocessing = 0;
		};
/* End PBXSourcesBuildPhase section */

/* Begin PBXVariantGroup section */
		46069EA8200F8BAF00DE1003 /* Main.storyboard */ = {
			isa = PBXVariantGroup;
			children = (
				46069EA9200F8BAF00DE1003 /* Base */,
			);
			name = Main.storyboard;
			sourceTree = "<group>";
		};
		46069EAD200F8BAF00DE1003 /* LaunchScreen.storyboard */ = {
			isa = PBXVariantGroup;
			children = (
				46069EAE200F8BAF00DE1003 /* Base */,
			);
			name = LaunchScreen.storyboard;
			sourceTree = "<group>";
		};
/* End PBXVariantGroup section */

/* Begin XCBuildConfiguration section */
		46069EB1200F8BAF00DE1003 /* Debug */ = {
			isa = XCBuildConfiguration;
			buildSettings = {
				ALWAYS_SEARCH_USER_PATHS = NO;
				CLANG_ANALYZER_NONNULL = YES;
				CLANG_ANALYZER_NUMBER_OBJECT_CONVERSION = YES_AGGRESSIVE;
				CLANG_CXX_LANGUAGE_STANDARD = "gnu++14";
				CLANG_CXX_LIBRARY = "libc++";
				CLANG_ENABLE_MODULES = YES;
				CLANG_ENABLE_OBJC_ARC = YES;
				CLANG_WARN_BLOCK_CAPTURE_AUTORELEASING = YES;
				CLANG_WARN_BOOL_CONVERSION = YES;
				CLANG_WARN_COMMA = YES;
				CLANG_WARN_CONSTANT_CONVERSION = YES;
				CLANG_WARN_DIRECT_OBJC_ISA_USAGE = YES_ERROR;
				CLANG_WARN_DOCUMENTATION_COMMENTS = YES;
				CLANG_WARN_EMPTY_BODY = YES;
				CLANG_WARN_ENUM_CONVERSION = YES;
				CLANG_WARN_INFINITE_RECURSION = YES;
				CLANG_WARN_INT_CONVERSION = YES;
				CLANG_WARN_NON_LITERAL_NULL_CONVERSION = YES;
				CLANG_WARN_OBJC_LITERAL_CONVERSION = YES;
				CLANG_WARN_OBJC_ROOT_CLASS = YES_ERROR;
				CLANG_WARN_RANGE_LOOP_ANALYSIS = YES;
				CLANG_WARN_STRICT_PROTOTYPES = YES;
				CLANG_WARN_SUSPICIOUS_MOVE = YES;
				CLANG_WARN_UNGUARDED_AVAILABILITY = YES_AGGRESSIVE;
				CLANG_WARN_UNREACHABLE_CODE = YES;
				CLANG_WARN__DUPLICATE_METHOD_MATCH = YES;
				CODE_SIGN_IDENTITY = "iPhone Developer";
				COPY_PHASE_STRIP = NO;
				DEBUG_INFORMATION_FORMAT = dwarf;
				ENABLE_STRICT_OBJC_MSGSEND = YES;
				ENABLE_TESTABILITY = YES;
				GCC_C_LANGUAGE_STANDARD = gnu11;
				GCC_DYNAMIC_NO_PIC = NO;
				GCC_NO_COMMON_BLOCKS = YES;
				GCC_OPTIMIZATION_LEVEL = 0;
				GCC_PREPROCESSOR_DEFINITIONS = (
					"DEBUG=1",
					"$(inherited)",
				);
				GCC_WARN_64_TO_32_BIT_CONVERSION = YES;
				GCC_WARN_ABOUT_RETURN_TYPE = YES_ERROR;
				GCC_WARN_UNDECLARED_SELECTOR = YES;
				GCC_WARN_UNINITIALIZED_AUTOS = YES_AGGRESSIVE;
				GCC_WARN_UNUSED_FUNCTION = YES;
				GCC_WARN_UNUSED_VARIABLE = YES;
				IPHONEOS_DEPLOYMENT_TARGET = 11.1;
				MTL_ENABLE_DEBUG_INFO = YES;
				ONLY_ACTIVE_ARCH = YES;
				SDKROOT = iphoneos;
				SWIFT_ACTIVE_COMPILATION_CONDITIONS = DEBUG;
				SWIFT_OPTIMIZATION_LEVEL = "-Onone";
			};
			name = Debug;
		};
		46069EB2200F8BAF00DE1003 /* Release */ = {
			isa = XCBuildConfiguration;
			buildSettings = {
				ALWAYS_SEARCH_USER_PATHS = NO;
				CLANG_ANALYZER_NONNULL = YES;
				CLANG_ANALYZER_NUMBER_OBJECT_CONVERSION = YES_AGGRESSIVE;
				CLANG_CXX_LANGUAGE_STANDARD = "gnu++14";
				CLANG_CXX_LIBRARY = "libc++";
				CLANG_ENABLE_MODULES = YES;
				CLANG_ENABLE_OBJC_ARC = YES;
				CLANG_WARN_BLOCK_CAPTURE_AUTORELEASING = YES;
				CLANG_WARN_BOOL_CONVERSION = YES;
				CLANG_WARN_COMMA = YES;
				CLANG_WARN_CONSTANT_CONVERSION = YES;
				CLANG_WARN_DIRECT_OBJC_ISA_USAGE = YES_ERROR;
				CLANG_WARN_DOCUMENTATION_COMMENTS = YES;
				CLANG_WARN_EMPTY_BODY = YES;
				CLANG_WARN_ENUM_CONVERSION = YES;
				CLANG_WARN_INFINITE_RECURSION = YES;
				CLANG_WARN_INT_CONVERSION = YES;
				CLANG_WARN_NON_LITERAL_NULL_CONVERSION = YES;
				CLANG_WARN_OBJC_LITERAL_CONVERSION = YES;
				CLANG_WARN_OBJC_ROOT_CLASS = YES_ERROR;
				CLANG_WARN_RANGE_LOOP_ANALYSIS = YES;
				CLANG_WARN_STRICT_PROTOTYPES = YES;
				CLANG_WARN_SUSPICIOUS_MOVE = YES;
				CLANG_WARN_UNGUARDED_AVAILABILITY = YES_AGGRESSIVE;
				CLANG_WARN_UNREACHABLE_CODE = YES;
				CLANG_WARN__DUPLICATE_METHOD_MATCH = YES;
				CODE_SIGN_IDENTITY = "iPhone Developer";
				COPY_PHASE_STRIP = NO;
				DEBUG_INFORMATION_FORMAT = "dwarf-with-dsym";
				ENABLE_NS_ASSERTIONS = NO;
				ENABLE_STRICT_OBJC_MSGSEND = YES;
				GCC_C_LANGUAGE_STANDARD = gnu11;
				GCC_NO_COMMON_BLOCKS = YES;
				GCC_WARN_64_TO_32_BIT_CONVERSION = YES;
				GCC_WARN_ABOUT_RETURN_TYPE = YES_ERROR;
				GCC_WARN_UNDECLARED_SELECTOR = YES;
				GCC_WARN_UNINITIALIZED_AUTOS = YES_AGGRESSIVE;
				GCC_WARN_UNUSED_FUNCTION = YES;
				GCC_WARN_UNUSED_VARIABLE = YES;
				IPHONEOS_DEPLOYMENT_TARGET = 11.1;
				MTL_ENABLE_DEBUG_INFO = NO;
				SDKROOT = iphoneos;
				SWIFT_OPTIMIZATION_LEVEL = "-Owholemodule";
				VALIDATE_PRODUCT = YES;
			};
			name = Release;
		};
		46069EB4200F8BAF00DE1003 /* Debug */ = {
			isa = XCBuildConfiguration;
			buildSettings = {
				ASSETCATALOG_COMPILER_APPICON_NAME = AppIcon;
				CODE_SIGN_STYLE = Automatic;
				DEVELOPMENT_TEAM = XZ9GM3739S;
				INFOPLIST_FILE = Set/Info.plist;
				LD_RUNPATH_SEARCH_PATHS = "$(inherited) @executable_path/Frameworks";
				PRODUCT_BUNDLE_IDENTIFIER = com.zeqiang.Set;
				PRODUCT_NAME = "$(TARGET_NAME)";
				SWIFT_VERSION = 4.0;
				TARGETED_DEVICE_FAMILY = "1,2";
			};
			name = Debug;
		};
		46069EB5200F8BAF00DE1003 /* Release */ = {
			isa = XCBuildConfiguration;
			buildSettings = {
				ASSETCATALOG_COMPILER_APPICON_NAME = AppIcon;
				CODE_SIGN_STYLE = Automatic;
				DEVELOPMENT_TEAM = XZ9GM3739S;
				INFOPLIST_FILE = Set/Info.plist;
				LD_RUNPATH_SEARCH_PATHS = "$(inherited) @executable_path/Frameworks";
				PRODUCT_BUNDLE_IDENTIFIER = com.zeqiang.Set;
				PRODUCT_NAME = "$(TARGET_NAME)";
				SWIFT_VERSION = 4.0;
				TARGETED_DEVICE_FAMILY = "1,2";
			};
			name = Release;
		};
/* End XCBuildConfiguration section */

/* Begin XCConfigurationList section */
		46069E9C200F8BAF00DE1003 /* Build configuration list for PBXProject "Set" */ = {
			isa = XCConfigurationList;
			buildConfigurations = (
				46069EB1200F8BAF00DE1003 /* Debug */,
				46069EB2200F8BAF00DE1003 /* Release */,
			);
			defaultConfigurationIsVisible = 0;
			defaultConfigurationName = Release;
		};
		46069EB3200F8BAF00DE1003 /* Build configuration list for PBXNativeTarget "Set" */ = {
			isa = XCConfigurationList;
			buildConfigurations = (
				46069EB4200F8BAF00DE1003 /* Debug */,
				46069EB5200F8BAF00DE1003 /* Release */,
			);
			defaultConfigurationIsVisible = 0;
			defaultConfigurationName = Release;
		};
/* End XCConfigurationList section */
	};
	rootObject = 46069E99200F8BAF00DE1003 /* Project object */;
}
